// !$*UTF8*$!
{
	archiveVersion = 1;
	classes = {
	};
	objectVersion = 54;
	objects = {

/* Begin PBXBuildFile section */
		00E356F31AD99517003FC87E /* bazarsellerappTests.m in Sources */ = {isa = PBXBuildFile; fileRef = 00E356F21AD99517003FC87E /* bazarsellerappTests.m */; };
		13B07FBC1A68108700A75B9A /* AppDelegate.m in Sources */ = {isa = PBXBuildFile; fileRef = 13B07FB01A68108700A75B9A /* AppDelegate.m */; };
		13B07FBF1A68108700A75B9A /* Images.xcassets in Resources */ = {isa = PBXBuildFile; fileRef = 13B07FB51A68108700A75B9A /* Images.xcassets */; };
		13B07FC11A68108700A75B9A /* main.m in Sources */ = {isa = PBXBuildFile; fileRef = 13B07FB71A68108700A75B9A /* main.m */; };
		1A83A4F2CC55D0A7A808C5F6 /* libPods-bazarsellerapp.a in Frameworks */ = {isa = PBXBuildFile; fileRef = 639FBC94FA03889A7F13B2D5 /* libPods-bazarsellerapp.a */; };
		81AB9BB82411601600AC10FF /* LaunchScreen.storyboard in Resources */ = {isa = PBXBuildFile; fileRef = 81AB9BB72411601600AC10FF /* LaunchScreen.storyboard */; };
		A99C5569F64BA3455F8BC198 /* libPods-bazarsellerapp-bazarsellerappTests.a in Frameworks */ = {isa = PBXBuildFile; fileRef = 60EBB018821E32710E95AA29 /* libPods-bazarsellerapp-bazarsellerappTests.a */; };
		A66E3E914D2B4D39A42BEC7D /* AntDesign.ttf in Resources */ = {isa = PBXBuildFile; fileRef = 3AB1821499FD4F44A6CFA385 /* AntDesign.ttf */; };
		49C94BF90BF642628833BD90 /* Entypo.ttf in Resources */ = {isa = PBXBuildFile; fileRef = 6BDC2AAE104C43B9B9D13A98 /* Entypo.ttf */; };
		9716E249102E45E28DFAACE5 /* EvilIcons.ttf in Resources */ = {isa = PBXBuildFile; fileRef = 5EEFD2DA86024010AA5394B4 /* EvilIcons.ttf */; };
		76051A8DA04B471A9752B8A3 /* Feather.ttf in Resources */ = {isa = PBXBuildFile; fileRef = 8EF6475FF5084DDF9EBE3DB5 /* Feather.ttf */; };
		C6FFD3681AD74EB2A45486B1 /* FontAwesome.ttf in Resources */ = {isa = PBXBuildFile; fileRef = B4820BF7CDC849CD9B1F01BE /* FontAwesome.ttf */; };
		22D9EFE4478D4091829CDDF9 /* FontAwesome5_Brands.ttf in Resources */ = {isa = PBXBuildFile; fileRef = 0ED731689F06420A929599E4 /* FontAwesome5_Brands.ttf */; };
		DB2D831722724DE5A77E5C95 /* FontAwesome5_Regular.ttf in Resources */ = {isa = PBXBuildFile; fileRef = 53569EBE752D42FB938DB69C /* FontAwesome5_Regular.ttf */; };
		929E58C341764171AB37DEE5 /* FontAwesome5_Solid.ttf in Resources */ = {isa = PBXBuildFile; fileRef = 8940BF00B3A948889CC4F95F /* FontAwesome5_Solid.ttf */; };
		468D57291C30433CBACE8B89 /* Fontisto.ttf in Resources */ = {isa = PBXBuildFile; fileRef = 92A6437F13E34E4DBFF80BD8 /* Fontisto.ttf */; };
		A4C81279A3194DD996943680 /* Foundation.ttf in Resources */ = {isa = PBXBuildFile; fileRef = B78645FFC3A2452688B8C80B /* Foundation.ttf */; };
		F92C853E93B94479B62DFCE3 /* Ionicons.ttf in Resources */ = {isa = PBXBuildFile; fileRef = CBBC37903EEA4240A919BBF4 /* Ionicons.ttf */; };
		2951DAB9544D4F49A8C77E1D /* MaterialCommunityIcons.ttf in Resources */ = {isa = PBXBuildFile; fileRef = 078FDE1242DC4DF6B2066F64 /* MaterialCommunityIcons.ttf */; };
		78A0BBABF3644DCCB1D742BB /* MaterialIcons.ttf in Resources */ = {isa = PBXBuildFile; fileRef = 08FD5C9EFD0540C9BBC20030 /* MaterialIcons.ttf */; };
		8EDA3E9455C04DD8A9D374F5 /* Octicons.ttf in Resources */ = {isa = PBXBuildFile; fileRef = 124ADE3A026741379DC90A5A /* Octicons.ttf */; };
		FB349AB4728346AA80E34820 /* SimpleLineIcons.ttf in Resources */ = {isa = PBXBuildFile; fileRef = DB4AD113EE4E4556B3FB91BA /* SimpleLineIcons.ttf */; };
		BF60533DA7824C438351BC4C /* Zocial.ttf in Resources */ = {isa = PBXBuildFile; fileRef = 874427467D3640DEAB25D8E1 /* Zocial.ttf */; };
		C2339E7E9DA9466B9B67BB44 /* FontsFree-Net-SFProDisplay-Bold.ttf in Resources */ = {isa = PBXBuildFile; fileRef = F336516EDD44491DB1BE0AD0 /* FontsFree-Net-SFProDisplay-Bold.ttf */; };
		EF7ECEF5E78C4B91AE352384 /* FontsFree-Net-SFProDisplay-Medium.ttf in Resources */ = {isa = PBXBuildFile; fileRef = 09960BB6E6004E7388BCE513 /* FontsFree-Net-SFProDisplay-Medium.ttf */; };
		8F3C7427A0E84AF4A5690D7C /* FontsFree-Net-SFProDisplay-Regular.ttf in Resources */ = {isa = PBXBuildFile; fileRef = BC3B19AD2F79450A942870D7 /* FontsFree-Net-SFProDisplay-Regular.ttf */; };
		8FBCC85BFA6E48938ED44D84 /* Helvetica.ttf in Resources */ = {isa = PBXBuildFile; fileRef = 1E87249E384544568741F3EC /* Helvetica.ttf */; };
		2F3D6DAA1BCC44BB921992A8 /* Roboto-Bold.ttf in Resources */ = {isa = PBXBuildFile; fileRef = 8EC67BBB8C3E407DA308FCDC /* Roboto-Bold.ttf */; };
		BF9CEA9060DF4E7AA0478C37 /* Roboto-Medium.ttf in Resources */ = {isa = PBXBuildFile; fileRef = 294F53062DC74C7F85E320CB /* Roboto-Medium.ttf */; };
		0C0E8F437FE64411AE6AF80D /* Roboto-Regular.ttf in Resources */ = {isa = PBXBuildFile; fileRef = 852D74259DE14749897964EC /* Roboto-Regular.ttf */; };
		25DB4FFC5073487C834DFD16 /* Roboto-Black.ttf in Resources */ = {isa = PBXBuildFile; fileRef = 0BEAB022B2FA431A9AA651EE /* Roboto-Black.ttf */; };
		B3858581619A436290EAB946 /* Roboto-Light.ttf in Resources */ = {isa = PBXBuildFile; fileRef = E1955C14CB4C43DDB8D25831 /* Roboto-Light.ttf */; };
		5B0E754856A54A879D1197F8 /* Roboto-Thin.ttf in Resources */ = {isa = PBXBuildFile; fileRef = 7FB0A4AEB8CC4B66A5442155 /* Roboto-Thin.ttf */; };
/* End PBXBuildFile section */

/* Begin PBXContainerItemProxy section */
		00E356F41AD99517003FC87E /* PBXContainerItemProxy */ = {
			isa = PBXContainerItemProxy;
			containerPortal = 83CBB9F71A601CBA00E9B192 /* Project object */;
			proxyType = 1;
			remoteGlobalIDString = 13B07F861A680F5B00A75B9A;
			remoteInfo = bazarsellerapp;
		};
/* End PBXContainerItemProxy section */

/* Begin PBXFileReference section */
		00E356EE1AD99517003FC87E /* bazarsellerappTests.xctest */ = {isa = PBXFileReference; explicitFileType = wrapper.cfbundle; includeInIndex = 0; path = bazarsellerappTests.xctest; sourceTree = BUILT_PRODUCTS_DIR; };
		00E356F11AD99517003FC87E /* Info.plist */ = {isa = PBXFileReference; lastKnownFileType = text.plist.xml; path = Info.plist; sourceTree = "<group>"; };
		00E356F21AD99517003FC87E /* bazarsellerappTests.m */ = {isa = PBXFileReference; lastKnownFileType = sourcecode.c.objc; path = bazarsellerappTests.m; sourceTree = "<group>"; };
		13B07F961A680F5B00A75B9A /* bazarsellerapp.app */ = {isa = PBXFileReference; explicitFileType = wrapper.application; includeInIndex = 0; path = bazarsellerapp.app; sourceTree = BUILT_PRODUCTS_DIR; };
		13B07FAF1A68108700A75B9A /* AppDelegate.h */ = {isa = PBXFileReference; fileEncoding = 4; lastKnownFileType = sourcecode.c.h; name = AppDelegate.h; path = bazarsellerapp/AppDelegate.h; sourceTree = "<group>"; };
		13B07FB01A68108700A75B9A /* AppDelegate.m */ = {isa = PBXFileReference; fileEncoding = 4; lastKnownFileType = sourcecode.c.objc; name = AppDelegate.m; path = bazarsellerapp/AppDelegate.m; sourceTree = "<group>"; };
		13B07FB51A68108700A75B9A /* Images.xcassets */ = {isa = PBXFileReference; lastKnownFileType = folder.assetcatalog; name = Images.xcassets; path = bazarsellerapp/Images.xcassets; sourceTree = "<group>"; };
		13B07FB61A68108700A75B9A /* Info.plist */ = {isa = PBXFileReference; fileEncoding = 4; lastKnownFileType = text.plist.xml; name = Info.plist; path = bazarsellerapp/Info.plist; sourceTree = "<group>"; };
		13B07FB71A68108700A75B9A /* main.m */ = {isa = PBXFileReference; fileEncoding = 4; lastKnownFileType = sourcecode.c.objc; name = main.m; path = bazarsellerapp/main.m; sourceTree = "<group>"; };
		37BA5CD7B47F70965C91A110 /* Pods-bazarsellerapp.release.xcconfig */ = {isa = PBXFileReference; includeInIndex = 1; lastKnownFileType = text.xcconfig; name = "Pods-bazarsellerapp.release.xcconfig"; path = "Target Support Files/Pods-bazarsellerapp/Pods-bazarsellerapp.release.xcconfig"; sourceTree = "<group>"; };
		60EBB018821E32710E95AA29 /* libPods-bazarsellerapp-bazarsellerappTests.a */ = {isa = PBXFileReference; explicitFileType = archive.ar; includeInIndex = 0; path = "libPods-bazarsellerapp-bazarsellerappTests.a"; sourceTree = BUILT_PRODUCTS_DIR; };
		639FBC94FA03889A7F13B2D5 /* libPods-bazarsellerapp.a */ = {isa = PBXFileReference; explicitFileType = archive.ar; includeInIndex = 0; path = "libPods-bazarsellerapp.a"; sourceTree = BUILT_PRODUCTS_DIR; };
		81AB9BB72411601600AC10FF /* LaunchScreen.storyboard */ = {isa = PBXFileReference; fileEncoding = 4; lastKnownFileType = file.storyboard; name = LaunchScreen.storyboard; path = bazarsellerapp/LaunchScreen.storyboard; sourceTree = "<group>"; };
		CBC45E064FAE48865318B19F /* Pods-bazarsellerapp.debug.xcconfig */ = {isa = PBXFileReference; includeInIndex = 1; lastKnownFileType = text.xcconfig; name = "Pods-bazarsellerapp.debug.xcconfig"; path = "Target Support Files/Pods-bazarsellerapp/Pods-bazarsellerapp.debug.xcconfig"; sourceTree = "<group>"; };
		ED297162215061F000B7C4FE /* JavaScriptCore.framework */ = {isa = PBXFileReference; lastKnownFileType = wrapper.framework; name = JavaScriptCore.framework; path = System/Library/Frameworks/JavaScriptCore.framework; sourceTree = SDKROOT; };
		F46B6AE2862EECC8B67C15AF /* Pods-bazarsellerapp-bazarsellerappTests.debug.xcconfig */ = {isa = PBXFileReference; includeInIndex = 1; lastKnownFileType = text.xcconfig; name = "Pods-bazarsellerapp-bazarsellerappTests.debug.xcconfig"; path = "Target Support Files/Pods-bazarsellerapp-bazarsellerappTests/Pods-bazarsellerapp-bazarsellerappTests.debug.xcconfig"; sourceTree = "<group>"; };
		FE94A9766E271C1CD2F1D2C8 /* Pods-bazarsellerapp-bazarsellerappTests.release.xcconfig */ = {isa = PBXFileReference; includeInIndex = 1; lastKnownFileType = text.xcconfig; name = "Pods-bazarsellerapp-bazarsellerappTests.release.xcconfig"; path = "Target Support Files/Pods-bazarsellerapp-bazarsellerappTests/Pods-bazarsellerapp-bazarsellerappTests.release.xcconfig"; sourceTree = "<group>"; };
		3AB1821499FD4F44A6CFA385 /* AntDesign.ttf */ = {isa = PBXFileReference; name = "AntDesign.ttf"; path = "../node_modules/react-native-vector-icons/Fonts/AntDesign.ttf"; sourceTree = "<group>"; fileEncoding = undefined; lastKnownFileType = unknown; explicitFileType = undefined; includeInIndex = 0; };
		6BDC2AAE104C43B9B9D13A98 /* Entypo.ttf */ = {isa = PBXFileReference; name = "Entypo.ttf"; path = "../node_modules/react-native-vector-icons/Fonts/Entypo.ttf"; sourceTree = "<group>"; fileEncoding = undefined; lastKnownFileType = unknown; explicitFileType = undefined; includeInIndex = 0; };
		5EEFD2DA86024010AA5394B4 /* EvilIcons.ttf */ = {isa = PBXFileReference; name = "EvilIcons.ttf"; path = "../node_modules/react-native-vector-icons/Fonts/EvilIcons.ttf"; sourceTree = "<group>"; fileEncoding = undefined; lastKnownFileType = unknown; explicitFileType = undefined; includeInIndex = 0; };
		8EF6475FF5084DDF9EBE3DB5 /* Feather.ttf */ = {isa = PBXFileReference; name = "Feather.ttf"; path = "../node_modules/react-native-vector-icons/Fonts/Feather.ttf"; sourceTree = "<group>"; fileEncoding = undefined; lastKnownFileType = unknown; explicitFileType = undefined; includeInIndex = 0; };
		B4820BF7CDC849CD9B1F01BE /* FontAwesome.ttf */ = {isa = PBXFileReference; name = "FontAwesome.ttf"; path = "../node_modules/react-native-vector-icons/Fonts/FontAwesome.ttf"; sourceTree = "<group>"; fileEncoding = undefined; lastKnownFileType = unknown; explicitFileType = undefined; includeInIndex = 0; };
		0ED731689F06420A929599E4 /* FontAwesome5_Brands.ttf */ = {isa = PBXFileReference; name = "FontAwesome5_Brands.ttf"; path = "../node_modules/react-native-vector-icons/Fonts/FontAwesome5_Brands.ttf"; sourceTree = "<group>"; fileEncoding = undefined; lastKnownFileType = unknown; explicitFileType = undefined; includeInIndex = 0; };
		53569EBE752D42FB938DB69C /* FontAwesome5_Regular.ttf */ = {isa = PBXFileReference; name = "FontAwesome5_Regular.ttf"; path = "../node_modules/react-native-vector-icons/Fonts/FontAwesome5_Regular.ttf"; sourceTree = "<group>"; fileEncoding = undefined; lastKnownFileType = unknown; explicitFileType = undefined; includeInIndex = 0; };
		8940BF00B3A948889CC4F95F /* FontAwesome5_Solid.ttf */ = {isa = PBXFileReference; name = "FontAwesome5_Solid.ttf"; path = "../node_modules/react-native-vector-icons/Fonts/FontAwesome5_Solid.ttf"; sourceTree = "<group>"; fileEncoding = undefined; lastKnownFileType = unknown; explicitFileType = undefined; includeInIndex = 0; };
		92A6437F13E34E4DBFF80BD8 /* Fontisto.ttf */ = {isa = PBXFileReference; name = "Fontisto.ttf"; path = "../node_modules/react-native-vector-icons/Fonts/Fontisto.ttf"; sourceTree = "<group>"; fileEncoding = undefined; lastKnownFileType = unknown; explicitFileType = undefined; includeInIndex = 0; };
		B78645FFC3A2452688B8C80B /* Foundation.ttf */ = {isa = PBXFileReference; name = "Foundation.ttf"; path = "../node_modules/react-native-vector-icons/Fonts/Foundation.ttf"; sourceTree = "<group>"; fileEncoding = undefined; lastKnownFileType = unknown; explicitFileType = undefined; includeInIndex = 0; };
		CBBC37903EEA4240A919BBF4 /* Ionicons.ttf */ = {isa = PBXFileReference; name = "Ionicons.ttf"; path = "../node_modules/react-native-vector-icons/Fonts/Ionicons.ttf"; sourceTree = "<group>"; fileEncoding = undefined; lastKnownFileType = unknown; explicitFileType = undefined; includeInIndex = 0; };
		078FDE1242DC4DF6B2066F64 /* MaterialCommunityIcons.ttf */ = {isa = PBXFileReference; name = "MaterialCommunityIcons.ttf"; path = "../node_modules/react-native-vector-icons/Fonts/MaterialCommunityIcons.ttf"; sourceTree = "<group>"; fileEncoding = undefined; lastKnownFileType = unknown; explicitFileType = undefined; includeInIndex = 0; };
		08FD5C9EFD0540C9BBC20030 /* MaterialIcons.ttf */ = {isa = PBXFileReference; name = "MaterialIcons.ttf"; path = "../node_modules/react-native-vector-icons/Fonts/MaterialIcons.ttf"; sourceTree = "<group>"; fileEncoding = undefined; lastKnownFileType = unknown; explicitFileType = undefined; includeInIndex = 0; };
		124ADE3A026741379DC90A5A /* Octicons.ttf */ = {isa = PBXFileReference; name = "Octicons.ttf"; path = "../node_modules/react-native-vector-icons/Fonts/Octicons.ttf"; sourceTree = "<group>"; fileEncoding = undefined; lastKnownFileType = unknown; explicitFileType = undefined; includeInIndex = 0; };
		DB4AD113EE4E4556B3FB91BA /* SimpleLineIcons.ttf */ = {isa = PBXFileReference; name = "SimpleLineIcons.ttf"; path = "../node_modules/react-native-vector-icons/Fonts/SimpleLineIcons.ttf"; sourceTree = "<group>"; fileEncoding = undefined; lastKnownFileType = unknown; explicitFileType = undefined; includeInIndex = 0; };
		874427467D3640DEAB25D8E1 /* Zocial.ttf */ = {isa = PBXFileReference; name = "Zocial.ttf"; path = "../node_modules/react-native-vector-icons/Fonts/Zocial.ttf"; sourceTree = "<group>"; fileEncoding = undefined; lastKnownFileType = unknown; explicitFileType = undefined; includeInIndex = 0; };
		F336516EDD44491DB1BE0AD0 /* FontsFree-Net-SFProDisplay-Bold.ttf */ = {isa = PBXFileReference; name = "FontsFree-Net-SFProDisplay-Bold.ttf"; path = "../assets/fonts/FontsFree-Net-SFProDisplay-Bold.ttf"; sourceTree = "<group>"; fileEncoding = undefined; lastKnownFileType = unknown; explicitFileType = undefined; includeInIndex = 0; };
		09960BB6E6004E7388BCE513 /* FontsFree-Net-SFProDisplay-Medium.ttf */ = {isa = PBXFileReference; name = "FontsFree-Net-SFProDisplay-Medium.ttf"; path = "../assets/fonts/FontsFree-Net-SFProDisplay-Medium.ttf"; sourceTree = "<group>"; fileEncoding = undefined; lastKnownFileType = unknown; explicitFileType = undefined; includeInIndex = 0; };
		BC3B19AD2F79450A942870D7 /* FontsFree-Net-SFProDisplay-Regular.ttf */ = {isa = PBXFileReference; name = "FontsFree-Net-SFProDisplay-Regular.ttf"; path = "../assets/fonts/FontsFree-Net-SFProDisplay-Regular.ttf"; sourceTree = "<group>"; fileEncoding = undefined; lastKnownFileType = unknown; explicitFileType = undefined; includeInIndex = 0; };
		1E87249E384544568741F3EC /* Helvetica.ttf */ = {isa = PBXFileReference; name = "Helvetica.ttf"; path = "../assets/fonts/Helvetica.ttf"; sourceTree = "<group>"; fileEncoding = undefined; lastKnownFileType = unknown; explicitFileType = undefined; includeInIndex = 0; };
		8EC67BBB8C3E407DA308FCDC /* Roboto-Bold.ttf */ = {isa = PBXFileReference; name = "Roboto-Bold.ttf"; path = "../assets/fonts/Roboto-Bold.ttf"; sourceTree = "<group>"; fileEncoding = undefined; lastKnownFileType = unknown; explicitFileType = undefined; includeInIndex = 0; };
		294F53062DC74C7F85E320CB /* Roboto-Medium.ttf */ = {isa = PBXFileReference; name = "Roboto-Medium.ttf"; path = "../assets/fonts/Roboto-Medium.ttf"; sourceTree = "<group>"; fileEncoding = undefined; lastKnownFileType = unknown; explicitFileType = undefined; includeInIndex = 0; };
		852D74259DE14749897964EC /* Roboto-Regular.ttf */ = {isa = PBXFileReference; name = "Roboto-Regular.ttf"; path = "../assets/fonts/Roboto-Regular.ttf"; sourceTree = "<group>"; fileEncoding = undefined; lastKnownFileType = unknown; explicitFileType = undefined; includeInIndex = 0; };
		0BEAB022B2FA431A9AA651EE /* Roboto-Black.ttf */ = {isa = PBXFileReference; name = "Roboto-Black.ttf"; path = "../assets/fonts/Roboto-Black.ttf"; sourceTree = "<group>"; fileEncoding = undefined; lastKnownFileType = unknown; explicitFileType = undefined; includeInIndex = 0; };
		E1955C14CB4C43DDB8D25831 /* Roboto-Light.ttf */ = {isa = PBXFileReference; name = "Roboto-Light.ttf"; path = "../assets/fonts/Roboto-Light.ttf"; sourceTree = "<group>"; fileEncoding = undefined; lastKnownFileType = unknown; explicitFileType = undefined; includeInIndex = 0; };
		7FB0A4AEB8CC4B66A5442155 /* Roboto-Thin.ttf */ = {isa = PBXFileReference; name = "Roboto-Thin.ttf"; path = "../assets/fonts/Roboto-Thin.ttf"; sourceTree = "<group>"; fileEncoding = undefined; lastKnownFileType = unknown; explicitFileType = undefined; includeInIndex = 0; };
/* End PBXFileReference section */

/* Begin PBXFrameworksBuildPhase section */
		00E356EB1AD99517003FC87E /* Frameworks */ = {
			isa = PBXFrameworksBuildPhase;
			buildActionMask = 2147483647;
			files = (
				A99C5569F64BA3455F8BC198 /* libPods-bazarsellerapp-bazarsellerappTests.a in Frameworks */,
			);
			runOnlyForDeploymentPostprocessing = 0;
		};
		13B07F8C1A680F5B00A75B9A /* Frameworks */ = {
			isa = PBXFrameworksBuildPhase;
			buildActionMask = 2147483647;
			files = (
				1A83A4F2CC55D0A7A808C5F6 /* libPods-bazarsellerapp.a in Frameworks */,
			);
			runOnlyForDeploymentPostprocessing = 0;
		};
/* End PBXFrameworksBuildPhase section */

/* Begin PBXGroup section */
		00E356EF1AD99517003FC87E /* bazarsellerappTests */ = {
			isa = PBXGroup;
			children = (
				00E356F21AD99517003FC87E /* bazarsellerappTests.m */,
				00E356F01AD99517003FC87E /* Supporting Files */,
			);
			path = bazarsellerappTests;
			sourceTree = "<group>";
		};
		00E356F01AD99517003FC87E /* Supporting Files */ = {
			isa = PBXGroup;
			children = (
				00E356F11AD99517003FC87E /* Info.plist */,
			);
			name = "Supporting Files";
			sourceTree = "<group>";
		};
		13B07FAE1A68108700A75B9A /* bazarsellerapp */ = {
			isa = PBXGroup;
			children = (
				13B07FAF1A68108700A75B9A /* AppDelegate.h */,
				13B07FB01A68108700A75B9A /* AppDelegate.m */,
				13B07FB51A68108700A75B9A /* Images.xcassets */,
				13B07FB61A68108700A75B9A /* Info.plist */,
				81AB9BB72411601600AC10FF /* LaunchScreen.storyboard */,
				13B07FB71A68108700A75B9A /* main.m */,
			);
			name = bazarsellerapp;
			sourceTree = "<group>";
		};
		2D16E6871FA4F8E400B85C8A /* Frameworks */ = {
			isa = PBXGroup;
			children = (
				ED297162215061F000B7C4FE /* JavaScriptCore.framework */,
				639FBC94FA03889A7F13B2D5 /* libPods-bazarsellerapp.a */,
				60EBB018821E32710E95AA29 /* libPods-bazarsellerapp-bazarsellerappTests.a */,
			);
			name = Frameworks;
			sourceTree = "<group>";
		};
		517785269A8EFA4F2B2E4BF4 /* Pods */ = {
			isa = PBXGroup;
			children = (
				CBC45E064FAE48865318B19F /* Pods-bazarsellerapp.debug.xcconfig */,
				37BA5CD7B47F70965C91A110 /* Pods-bazarsellerapp.release.xcconfig */,
				F46B6AE2862EECC8B67C15AF /* Pods-bazarsellerapp-bazarsellerappTests.debug.xcconfig */,
				FE94A9766E271C1CD2F1D2C8 /* Pods-bazarsellerapp-bazarsellerappTests.release.xcconfig */,
			);
			path = Pods;
			sourceTree = "<group>";
		};
		832341AE1AAA6A7D00B99B32 /* Libraries */ = {
			isa = PBXGroup;
			children = (
			);
			name = Libraries;
			sourceTree = "<group>";
		};
		83CBB9F61A601CBA00E9B192 = {
			isa = PBXGroup;
			children = (
				13B07FAE1A68108700A75B9A /* bazarsellerapp */,
				832341AE1AAA6A7D00B99B32 /* Libraries */,
				00E356EF1AD99517003FC87E /* bazarsellerappTests */,
				83CBBA001A601CBA00E9B192 /* Products */,
				2D16E6871FA4F8E400B85C8A /* Frameworks */,
				517785269A8EFA4F2B2E4BF4 /* Pods */,
				DD1393D0FDC8436DB7CE76C8 /* Resources */,
			);
			indentWidth = 2;
			sourceTree = "<group>";
			tabWidth = 2;
			usesTabs = 0;
		};
		83CBBA001A601CBA00E9B192 /* Products */ = {
			isa = PBXGroup;
			children = (
				13B07F961A680F5B00A75B9A /* bazarsellerapp.app */,
				00E356EE1AD99517003FC87E /* bazarsellerappTests.xctest */,
			);
			name = Products;
			sourceTree = "<group>";
		};
		DD1393D0FDC8436DB7CE76C8 /* Resources */ = {
			isa = "PBXGroup";
			children = (
				3AB1821499FD4F44A6CFA385 /* AntDesign.ttf */,
				6BDC2AAE104C43B9B9D13A98 /* Entypo.ttf */,
				5EEFD2DA86024010AA5394B4 /* EvilIcons.ttf */,
				8EF6475FF5084DDF9EBE3DB5 /* Feather.ttf */,
				B4820BF7CDC849CD9B1F01BE /* FontAwesome.ttf */,
				0ED731689F06420A929599E4 /* FontAwesome5_Brands.ttf */,
				53569EBE752D42FB938DB69C /* FontAwesome5_Regular.ttf */,
				8940BF00B3A948889CC4F95F /* FontAwesome5_Solid.ttf */,
				92A6437F13E34E4DBFF80BD8 /* Fontisto.ttf */,
				B78645FFC3A2452688B8C80B /* Foundation.ttf */,
				CBBC37903EEA4240A919BBF4 /* Ionicons.ttf */,
				078FDE1242DC4DF6B2066F64 /* MaterialCommunityIcons.ttf */,
				08FD5C9EFD0540C9BBC20030 /* MaterialIcons.ttf */,
				124ADE3A026741379DC90A5A /* Octicons.ttf */,
				DB4AD113EE4E4556B3FB91BA /* SimpleLineIcons.ttf */,
				874427467D3640DEAB25D8E1 /* Zocial.ttf */,
				F336516EDD44491DB1BE0AD0 /* FontsFree-Net-SFProDisplay-Bold.ttf */,
				09960BB6E6004E7388BCE513 /* FontsFree-Net-SFProDisplay-Medium.ttf */,
				BC3B19AD2F79450A942870D7 /* FontsFree-Net-SFProDisplay-Regular.ttf */,
				1E87249E384544568741F3EC /* Helvetica.ttf */,
				8EC67BBB8C3E407DA308FCDC /* Roboto-Bold.ttf */,
				294F53062DC74C7F85E320CB /* Roboto-Medium.ttf */,
				852D74259DE14749897964EC /* Roboto-Regular.ttf */,
				0BEAB022B2FA431A9AA651EE /* Roboto-Black.ttf */,
				E1955C14CB4C43DDB8D25831 /* Roboto-Light.ttf */,
				7FB0A4AEB8CC4B66A5442155 /* Roboto-Thin.ttf */,
			);
			name = Resources;
			sourceTree = "<group>";
			path = "";
		};
/* End PBXGroup section */

/* Begin PBXNativeTarget section */
		00E356ED1AD99517003FC87E /* bazarsellerappTests */ = {
			isa = PBXNativeTarget;
			buildConfigurationList = 00E357021AD99517003FC87E /* Build configuration list for PBXNativeTarget "bazarsellerappTests" */;
			buildPhases = (
				201B0A8E72BC77499D7DA76C /* [CP] Check Pods Manifest.lock */,
				00E356EA1AD99517003FC87E /* Sources */,
				00E356EB1AD99517003FC87E /* Frameworks */,
				00E356EC1AD99517003FC87E /* Resources */,
				F153BE8D3A429B94A014D879 /* [CP] Embed Pods Frameworks */,
				DCC01761DD233B265E894F24 /* [CP] Copy Pods Resources */,
			);
			buildRules = (
			);
			dependencies = (
				00E356F51AD99517003FC87E /* PBXTargetDependency */,
			);
			name = bazarsellerappTests;
			productName = bazarsellerappTests;
			productReference = 00E356EE1AD99517003FC87E /* bazarsellerappTests.xctest */;
			productType = "com.apple.product-type.bundle.unit-test";
		};
		13B07F861A680F5B00A75B9A /* bazarsellerapp */ = {
			isa = PBXNativeTarget;
			buildConfigurationList = 13B07F931A680F5B00A75B9A /* Build configuration list for PBXNativeTarget "bazarsellerapp" */;
			buildPhases = (
				4883533CB65FF4084C67A748 /* [CP] Check Pods Manifest.lock */,
				FD10A7F022414F080027D42C /* Start Packager */,
				13B07F871A680F5B00A75B9A /* Sources */,
				13B07F8C1A680F5B00A75B9A /* Frameworks */,
				13B07F8E1A680F5B00A75B9A /* Resources */,
				00DD1BFF1BD5951E006B06BC /* Bundle React Native code and images */,
				3AEDA6FF5979163A93ECEDB9 /* [CP] Embed Pods Frameworks */,
				5D586ED1C38A7DD44FB0A33A /* [CP] Copy Pods Resources */,
			);
			buildRules = (
			);
			dependencies = (
			);
			name = bazarsellerapp;
			productName = bazarsellerapp;
			productReference = 13B07F961A680F5B00A75B9A /* bazarsellerapp.app */;
			productType = "com.apple.product-type.application";
		};
/* End PBXNativeTarget section */

/* Begin PBXProject section */
		83CBB9F71A601CBA00E9B192 /* Project object */ = {
			isa = PBXProject;
			attributes = {
				LastUpgradeCheck = 1210;
				TargetAttributes = {
					00E356ED1AD99517003FC87E = {
						CreatedOnToolsVersion = 6.2;
						TestTargetID = 13B07F861A680F5B00A75B9A;
					};
					13B07F861A680F5B00A75B9A = {
						LastSwiftMigration = 1120;
					};
				};
			};
			buildConfigurationList = 83CBB9FA1A601CBA00E9B192 /* Build configuration list for PBXProject "bazarsellerapp" */;
			compatibilityVersion = "Xcode 12.0";
			developmentRegion = en;
			hasScannedForEncodings = 0;
			knownRegions = (
				en,
				Base,
			);
			mainGroup = 83CBB9F61A601CBA00E9B192;
			productRefGroup = 83CBBA001A601CBA00E9B192 /* Products */;
			projectDirPath = "";
			projectRoot = "";
			targets = (
				13B07F861A680F5B00A75B9A /* bazarsellerapp */,
				00E356ED1AD99517003FC87E /* bazarsellerappTests */,
			);
		};
/* End PBXProject section */

/* Begin PBXResourcesBuildPhase section */
		00E356EC1AD99517003FC87E /* Resources */ = {
			isa = PBXResourcesBuildPhase;
			buildActionMask = 2147483647;
			files = (
			);
			runOnlyForDeploymentPostprocessing = 0;
		};
		13B07F8E1A680F5B00A75B9A /* Resources */ = {
			isa = PBXResourcesBuildPhase;
			buildActionMask = 2147483647;
			files = (
				81AB9BB82411601600AC10FF /* LaunchScreen.storyboard in Resources */,
				13B07FBF1A68108700A75B9A /* Images.xcassets in Resources */,
				A66E3E914D2B4D39A42BEC7D /* AntDesign.ttf in Resources */,
				49C94BF90BF642628833BD90 /* Entypo.ttf in Resources */,
				9716E249102E45E28DFAACE5 /* EvilIcons.ttf in Resources */,
				76051A8DA04B471A9752B8A3 /* Feather.ttf in Resources */,
				C6FFD3681AD74EB2A45486B1 /* FontAwesome.ttf in Resources */,
				22D9EFE4478D4091829CDDF9 /* FontAwesome5_Brands.ttf in Resources */,
				DB2D831722724DE5A77E5C95 /* FontAwesome5_Regular.ttf in Resources */,
				929E58C341764171AB37DEE5 /* FontAwesome5_Solid.ttf in Resources */,
				468D57291C30433CBACE8B89 /* Fontisto.ttf in Resources */,
				A4C81279A3194DD996943680 /* Foundation.ttf in Resources */,
				F92C853E93B94479B62DFCE3 /* Ionicons.ttf in Resources */,
				2951DAB9544D4F49A8C77E1D /* MaterialCommunityIcons.ttf in Resources */,
				78A0BBABF3644DCCB1D742BB /* MaterialIcons.ttf in Resources */,
				8EDA3E9455C04DD8A9D374F5 /* Octicons.ttf in Resources */,
				FB349AB4728346AA80E34820 /* SimpleLineIcons.ttf in Resources */,
				BF60533DA7824C438351BC4C /* Zocial.ttf in Resources */,
				C2339E7E9DA9466B9B67BB44 /* FontsFree-Net-SFProDisplay-Bold.ttf in Resources */,
				EF7ECEF5E78C4B91AE352384 /* FontsFree-Net-SFProDisplay-Medium.ttf in Resources */,
				8F3C7427A0E84AF4A5690D7C /* FontsFree-Net-SFProDisplay-Regular.ttf in Resources */,
				8FBCC85BFA6E48938ED44D84 /* Helvetica.ttf in Resources */,
				2F3D6DAA1BCC44BB921992A8 /* Roboto-Bold.ttf in Resources */,
				BF9CEA9060DF4E7AA0478C37 /* Roboto-Medium.ttf in Resources */,
				0C0E8F437FE64411AE6AF80D /* Roboto-Regular.ttf in Resources */,
				25DB4FFC5073487C834DFD16 /* Roboto-Black.ttf in Resources */,
				B3858581619A436290EAB946 /* Roboto-Light.ttf in Resources */,
				5B0E754856A54A879D1197F8 /* Roboto-Thin.ttf in Resources */,
			);
			runOnlyForDeploymentPostprocessing = 0;
		};
/* End PBXResourcesBuildPhase section */

/* Begin PBXShellScriptBuildPhase section */
		00DD1BFF1BD5951E006B06BC /* Bundle React Native code and images */ = {
			isa = PBXShellScriptBuildPhase;
			buildActionMask = 2147483647;
			files = (
			);
			inputPaths = (
			);
			name = "Bundle React Native code and images";
			outputPaths = (
			);
			runOnlyForDeploymentPostprocessing = 0;
			shellPath = /bin/sh;
			shellScript = "set -e\n\nexport NODE_BINARY=node\n../node_modules/react-native/scripts/react-native-xcode.sh\n";
		};
		201B0A8E72BC77499D7DA76C /* [CP] Check Pods Manifest.lock */ = {
			isa = PBXShellScriptBuildPhase;
			buildActionMask = 2147483647;
			files = (
			);
			inputFileListPaths = (
			);
			inputPaths = (
				"${PODS_PODFILE_DIR_PATH}/Podfile.lock",
				"${PODS_ROOT}/Manifest.lock",
			);
			name = "[CP] Check Pods Manifest.lock";
			outputFileListPaths = (
			);
			outputPaths = (
				"$(DERIVED_FILE_DIR)/Pods-bazarsellerapp-bazarsellerappTests-checkManifestLockResult.txt",
			);
			runOnlyForDeploymentPostprocessing = 0;
			shellPath = /bin/sh;
			shellScript = "diff \"${PODS_PODFILE_DIR_PATH}/Podfile.lock\" \"${PODS_ROOT}/Manifest.lock\" > /dev/null\nif [ $? != 0 ] ; then\n    # print error to STDERR\n    echo \"error: The sandbox is not in sync with the Podfile.lock. Run 'pod install' or update your CocoaPods installation.\" >&2\n    exit 1\nfi\n# This output is used by Xcode 'outputs' to avoid re-running this script phase.\necho \"SUCCESS\" > \"${SCRIPT_OUTPUT_FILE_0}\"\n";
			showEnvVarsInLog = 0;
		};
		3AEDA6FF5979163A93ECEDB9 /* [CP] Embed Pods Frameworks */ = {
			isa = PBXShellScriptBuildPhase;
			buildActionMask = 2147483647;
			files = (
			);
			inputFileListPaths = (
				"${PODS_ROOT}/Target Support Files/Pods-bazarsellerapp/Pods-bazarsellerapp-frameworks-${CONFIGURATION}-input-files.xcfilelist",
			);
			name = "[CP] Embed Pods Frameworks";
			outputFileListPaths = (
				"${PODS_ROOT}/Target Support Files/Pods-bazarsellerapp/Pods-bazarsellerapp-frameworks-${CONFIGURATION}-output-files.xcfilelist",
			);
			runOnlyForDeploymentPostprocessing = 0;
			shellPath = /bin/sh;
			shellScript = "\"${PODS_ROOT}/Target Support Files/Pods-bazarsellerapp/Pods-bazarsellerapp-frameworks.sh\"\n";
			showEnvVarsInLog = 0;
		};
		4883533CB65FF4084C67A748 /* [CP] Check Pods Manifest.lock */ = {
			isa = PBXShellScriptBuildPhase;
			buildActionMask = 2147483647;
			files = (
			);
			inputFileListPaths = (
			);
			inputPaths = (
				"${PODS_PODFILE_DIR_PATH}/Podfile.lock",
				"${PODS_ROOT}/Manifest.lock",
			);
			name = "[CP] Check Pods Manifest.lock";
			outputFileListPaths = (
			);
			outputPaths = (
				"$(DERIVED_FILE_DIR)/Pods-bazarsellerapp-checkManifestLockResult.txt",
			);
			runOnlyForDeploymentPostprocessing = 0;
			shellPath = /bin/sh;
			shellScript = "diff \"${PODS_PODFILE_DIR_PATH}/Podfile.lock\" \"${PODS_ROOT}/Manifest.lock\" > /dev/null\nif [ $? != 0 ] ; then\n    # print error to STDERR\n    echo \"error: The sandbox is not in sync with the Podfile.lock. Run 'pod install' or update your CocoaPods installation.\" >&2\n    exit 1\nfi\n# This output is used by Xcode 'outputs' to avoid re-running this script phase.\necho \"SUCCESS\" > \"${SCRIPT_OUTPUT_FILE_0}\"\n";
			showEnvVarsInLog = 0;
		};
		5D586ED1C38A7DD44FB0A33A /* [CP] Copy Pods Resources */ = {
			isa = PBXShellScriptBuildPhase;
			buildActionMask = 2147483647;
			files = (
			);
			inputFileListPaths = (
				"${PODS_ROOT}/Target Support Files/Pods-bazarsellerapp/Pods-bazarsellerapp-resources-${CONFIGURATION}-input-files.xcfilelist",
			);
			name = "[CP] Copy Pods Resources";
			outputFileListPaths = (
				"${PODS_ROOT}/Target Support Files/Pods-bazarsellerapp/Pods-bazarsellerapp-resources-${CONFIGURATION}-output-files.xcfilelist",
			);
			runOnlyForDeploymentPostprocessing = 0;
			shellPath = /bin/sh;
			shellScript = "\"${PODS_ROOT}/Target Support Files/Pods-bazarsellerapp/Pods-bazarsellerapp-resources.sh\"\n";
			showEnvVarsInLog = 0;
		};
		DCC01761DD233B265E894F24 /* [CP] Copy Pods Resources */ = {
			isa = PBXShellScriptBuildPhase;
			buildActionMask = 2147483647;
			files = (
			);
			inputFileListPaths = (
				"${PODS_ROOT}/Target Support Files/Pods-bazarsellerapp-bazarsellerappTests/Pods-bazarsellerapp-bazarsellerappTests-resources-${CONFIGURATION}-input-files.xcfilelist",
			);
			name = "[CP] Copy Pods Resources";
			outputFileListPaths = (
				"${PODS_ROOT}/Target Support Files/Pods-bazarsellerapp-bazarsellerappTests/Pods-bazarsellerapp-bazarsellerappTests-resources-${CONFIGURATION}-output-files.xcfilelist",
			);
			runOnlyForDeploymentPostprocessing = 0;
			shellPath = /bin/sh;
			shellScript = "\"${PODS_ROOT}/Target Support Files/Pods-bazarsellerapp-bazarsellerappTests/Pods-bazarsellerapp-bazarsellerappTests-resources.sh\"\n";
			showEnvVarsInLog = 0;
		};
		F153BE8D3A429B94A014D879 /* [CP] Embed Pods Frameworks */ = {
			isa = PBXShellScriptBuildPhase;
			buildActionMask = 2147483647;
			files = (
			);
			inputFileListPaths = (
				"${PODS_ROOT}/Target Support Files/Pods-bazarsellerapp-bazarsellerappTests/Pods-bazarsellerapp-bazarsellerappTests-frameworks-${CONFIGURATION}-input-files.xcfilelist",
			);
			name = "[CP] Embed Pods Frameworks";
			outputFileListPaths = (
				"${PODS_ROOT}/Target Support Files/Pods-bazarsellerapp-bazarsellerappTests/Pods-bazarsellerapp-bazarsellerappTests-frameworks-${CONFIGURATION}-output-files.xcfilelist",
			);
			runOnlyForDeploymentPostprocessing = 0;
			shellPath = /bin/sh;
			shellScript = "\"${PODS_ROOT}/Target Support Files/Pods-bazarsellerapp-bazarsellerappTests/Pods-bazarsellerapp-bazarsellerappTests-frameworks.sh\"\n";
			showEnvVarsInLog = 0;
		};
		FD10A7F022414F080027D42C /* Start Packager */ = {
			isa = PBXShellScriptBuildPhase;
			buildActionMask = 2147483647;
			files = (
			);
			inputFileListPaths = (
			);
			inputPaths = (
			);
			name = "Start Packager";
			outputFileListPaths = (
			);
			outputPaths = (
			);
			runOnlyForDeploymentPostprocessing = 0;
			shellPath = /bin/sh;
			shellScript = "export RCT_METRO_PORT=\"${RCT_METRO_PORT:=8081}\"\necho \"export RCT_METRO_PORT=${RCT_METRO_PORT}\" > \"${SRCROOT}/../node_modules/react-native/scripts/.packager.env\"\nif [ -z \"${RCT_NO_LAUNCH_PACKAGER+xxx}\" ] ; then\n  if nc -w 5 -z localhost ${RCT_METRO_PORT} ; then\n    if ! curl -s \"http://localhost:${RCT_METRO_PORT}/status\" | grep -q \"packager-status:running\" ; then\n      echo \"Port ${RCT_METRO_PORT} already in use, packager is either not running or not running correctly\"\n      exit 2\n    fi\n  else\n    open \"$SRCROOT/../node_modules/react-native/scripts/launchPackager.command\" || echo \"Can't start packager automatically\"\n  fi\nfi\n";
			showEnvVarsInLog = 0;
		};
/* End PBXShellScriptBuildPhase section */

/* Begin PBXSourcesBuildPhase section */
		00E356EA1AD99517003FC87E /* Sources */ = {
			isa = PBXSourcesBuildPhase;
			buildActionMask = 2147483647;
			files = (
				00E356F31AD99517003FC87E /* bazarsellerappTests.m in Sources */,
			);
			runOnlyForDeploymentPostprocessing = 0;
		};
		13B07F871A680F5B00A75B9A /* Sources */ = {
			isa = PBXSourcesBuildPhase;
			buildActionMask = 2147483647;
			files = (
				13B07FBC1A68108700A75B9A /* AppDelegate.m in Sources */,
				13B07FC11A68108700A75B9A /* main.m in Sources */,
			);
			runOnlyForDeploymentPostprocessing = 0;
		};
/* End PBXSourcesBuildPhase section */

/* Begin PBXTargetDependency section */
		00E356F51AD99517003FC87E /* PBXTargetDependency */ = {
			isa = PBXTargetDependency;
			target = 13B07F861A680F5B00A75B9A /* bazarsellerapp */;
			targetProxy = 00E356F41AD99517003FC87E /* PBXContainerItemProxy */;
		};
/* End PBXTargetDependency section */

/* Begin XCBuildConfiguration section */
		00E356F61AD99517003FC87E /* Debug */ = {
			isa = XCBuildConfiguration;
			baseConfigurationReference = F46B6AE2862EECC8B67C15AF /* Pods-bazarsellerapp-bazarsellerappTests.debug.xcconfig */;
			buildSettings = {
				BUNDLE_LOADER = "$(TEST_HOST)";
				GCC_PREPROCESSOR_DEFINITIONS = (
					"DEBUG=1",
					"$(inherited)",
				);
				INFOPLIST_FILE = bazarsellerappTests/Info.plist;
				IPHONEOS_DEPLOYMENT_TARGET = 10.0;
				LD_RUNPATH_SEARCH_PATHS = (
					"$(inherited)",
					"@executable_path/Frameworks",
					"@loader_path/Frameworks",
				);
				OTHER_LDFLAGS = (
					"-ObjC",
					"-lc++",
					"$(inherited)",
				);
				PRODUCT_BUNDLE_IDENTIFIER = "org.reactjs.native.example.$(PRODUCT_NAME:rfc1034identifier)";
				PRODUCT_NAME = "$(TARGET_NAME)";
				TEST_HOST = "$(BUILT_PRODUCTS_DIR)/bazarsellerapp.app/bazarsellerapp";
			};
			name = Debug;
		};
		00E356F71AD99517003FC87E /* Release */ = {
			isa = XCBuildConfiguration;
			baseConfigurationReference = FE94A9766E271C1CD2F1D2C8 /* Pods-bazarsellerapp-bazarsellerappTests.release.xcconfig */;
			buildSettings = {
				BUNDLE_LOADER = "$(TEST_HOST)";
				COPY_PHASE_STRIP = NO;
				INFOPLIST_FILE = bazarsellerappTests/Info.plist;
				IPHONEOS_DEPLOYMENT_TARGET = 10.0;
				LD_RUNPATH_SEARCH_PATHS = (
					"$(inherited)",
					"@executable_path/Frameworks",
					"@loader_path/Frameworks",
				);
				OTHER_LDFLAGS = (
					"-ObjC",
					"-lc++",
					"$(inherited)",
				);
				PRODUCT_BUNDLE_IDENTIFIER = "org.reactjs.native.example.$(PRODUCT_NAME:rfc1034identifier)";
				PRODUCT_NAME = "$(TARGET_NAME)";
				TEST_HOST = "$(BUILT_PRODUCTS_DIR)/bazarsellerapp.app/bazarsellerapp";
			};
			name = Release;
		};
		13B07F941A680F5B00A75B9A /* Debug */ = {
			isa = XCBuildConfiguration;
			baseConfigurationReference = CBC45E064FAE48865318B19F /* Pods-bazarsellerapp.debug.xcconfig */;
			buildSettings = {
				ASSETCATALOG_COMPILER_APPICON_NAME = AppIcon;
				CLANG_ENABLE_MODULES = YES;
				CURRENT_PROJECT_VERSION = 1;
				ENABLE_BITCODE = NO;
				INFOPLIST_FILE = bazarsellerapp/Info.plist;
				LD_RUNPATH_SEARCH_PATHS = (
					"$(inherited)",
					"@executable_path/Frameworks",
				);
				OTHER_LDFLAGS = (
					"$(inherited)",
					"-ObjC",
					"-lc++",
				);
				PRODUCT_BUNDLE_IDENTIFIER = "org.reactjs.native.example.$(PRODUCT_NAME:rfc1034identifier)";
				PRODUCT_NAME = bazarsellerapp;
				SWIFT_OPTIMIZATION_LEVEL = "-Onone";
				SWIFT_VERSION = 5.0;
				VERSIONING_SYSTEM = "apple-generic";
			};
			name = Debug;
		};
		13B07F951A680F5B00A75B9A /* Release */ = {
			isa = XCBuildConfiguration;
			baseConfigurationReference = 37BA5CD7B47F70965C91A110 /* Pods-bazarsellerapp.release.xcconfig */;
			buildSettings = {
				ASSETCATALOG_COMPILER_APPICON_NAME = AppIcon;
				CLANG_ENABLE_MODULES = YES;
				CURRENT_PROJECT_VERSION = 1;
				INFOPLIST_FILE = bazarsellerapp/Info.plist;
				LD_RUNPATH_SEARCH_PATHS = (
					"$(inherited)",
					"@executable_path/Frameworks",
				);
				OTHER_LDFLAGS = (
					"$(inherited)",
					"-ObjC",
					"-lc++",
				);
				PRODUCT_BUNDLE_IDENTIFIER = "org.reactjs.native.example.$(PRODUCT_NAME:rfc1034identifier)";
				PRODUCT_NAME = bazarsellerapp;
				SWIFT_VERSION = 5.0;
				VERSIONING_SYSTEM = "apple-generic";
			};
			name = Release;
		};
		83CBBA201A601CBA00E9B192 /* Debug */ = {
			isa = XCBuildConfiguration;
			buildSettings = {
				ALWAYS_SEARCH_USER_PATHS = NO;
				CLANG_ANALYZER_LOCALIZABILITY_NONLOCALIZED = YES;
				CLANG_CXX_LANGUAGE_STANDARD = "gnu++0x";
				CLANG_CXX_LIBRARY = "libc++";
				CLANG_ENABLE_MODULES = YES;
				CLANG_ENABLE_OBJC_ARC = YES;
				CLANG_WARN_BLOCK_CAPTURE_AUTORELEASING = YES;
				CLANG_WARN_BOOL_CONVERSION = YES;
				CLANG_WARN_COMMA = YES;
				CLANG_WARN_CONSTANT_CONVERSION = YES;
				CLANG_WARN_DEPRECATED_OBJC_IMPLEMENTATIONS = YES;
				CLANG_WARN_DIRECT_OBJC_ISA_USAGE = YES_ERROR;
				CLANG_WARN_EMPTY_BODY = YES;
				CLANG_WARN_ENUM_CONVERSION = YES;
				CLANG_WARN_INFINITE_RECURSION = YES;
				CLANG_WARN_INT_CONVERSION = YES;
				CLANG_WARN_NON_LITERAL_NULL_CONVERSION = YES;
				CLANG_WARN_OBJC_IMPLICIT_RETAIN_SELF = YES;
				CLANG_WARN_OBJC_LITERAL_CONVERSION = YES;
				CLANG_WARN_OBJC_ROOT_CLASS = YES_ERROR;
				CLANG_WARN_QUOTED_INCLUDE_IN_FRAMEWORK_HEADER = YES;
				CLANG_WARN_RANGE_LOOP_ANALYSIS = YES;
				CLANG_WARN_STRICT_PROTOTYPES = YES;
				CLANG_WARN_SUSPICIOUS_MOVE = YES;
				CLANG_WARN_UNREACHABLE_CODE = YES;
				CLANG_WARN__DUPLICATE_METHOD_MATCH = YES;
				"CODE_SIGN_IDENTITY[sdk=iphoneos*]" = "iPhone Developer";
				COPY_PHASE_STRIP = NO;
				ENABLE_STRICT_OBJC_MSGSEND = YES;
				ENABLE_TESTABILITY = YES;
				"EXCLUDED_ARCHS[sdk=iphonesimulator*]" = "arm64 ";
				GCC_C_LANGUAGE_STANDARD = gnu99;
				GCC_DYNAMIC_NO_PIC = NO;
				GCC_NO_COMMON_BLOCKS = YES;
				GCC_OPTIMIZATION_LEVEL = 0;
				GCC_PREPROCESSOR_DEFINITIONS = (
					"DEBUG=1",
					"$(inherited)",
				);
				GCC_SYMBOLS_PRIVATE_EXTERN = NO;
				GCC_WARN_64_TO_32_BIT_CONVERSION = YES;
				GCC_WARN_ABOUT_RETURN_TYPE = YES_ERROR;
				GCC_WARN_UNDECLARED_SELECTOR = YES;
				GCC_WARN_UNINITIALIZED_AUTOS = YES_AGGRESSIVE;
				GCC_WARN_UNUSED_FUNCTION = YES;
				GCC_WARN_UNUSED_VARIABLE = YES;
				IPHONEOS_DEPLOYMENT_TARGET = 10.0;
				LD_RUNPATH_SEARCH_PATHS = (
					/usr/lib/swift,
					"$(inherited)",
				);
				LIBRARY_SEARCH_PATHS = (
					"\"$(TOOLCHAIN_DIR)/usr/lib/swift/$(PLATFORM_NAME)\"",
					"\"$(TOOLCHAIN_DIR)/usr/lib/swift-5.0/$(PLATFORM_NAME)\"",
					"\"$(inherited)\"",
				);
				MTL_ENABLE_DEBUG_INFO = YES;
				ONLY_ACTIVE_ARCH = YES;
				SDKROOT = iphoneos;
			};
			name = Debug;
		};
		83CBBA211A601CBA00E9B192 /* Release */ = {
			isa = XCBuildConfiguration;
			buildSettings = {
				ALWAYS_SEARCH_USER_PATHS = NO;
				CLANG_ANALYZER_LOCALIZABILITY_NONLOCALIZED = YES;
				CLANG_CXX_LANGUAGE_STANDARD = "gnu++0x";
				CLANG_CXX_LIBRARY = "libc++";
				CLANG_ENABLE_MODULES = YES;
				CLANG_ENABLE_OBJC_ARC = YES;
				CLANG_WARN_BLOCK_CAPTURE_AUTORELEASING = YES;
				CLANG_WARN_BOOL_CONVERSION = YES;
				CLANG_WARN_COMMA = YES;
				CLANG_WARN_CONSTANT_CONVERSION = YES;
				CLANG_WARN_DEPRECATED_OBJC_IMPLEMENTATIONS = YES;
				CLANG_WARN_DIRECT_OBJC_ISA_USAGE = YES_ERROR;
				CLANG_WARN_EMPTY_BODY = YES;
				CLANG_WARN_ENUM_CONVERSION = YES;
				CLANG_WARN_INFINITE_RECURSION = YES;
				CLANG_WARN_INT_CONVERSION = YES;
				CLANG_WARN_NON_LITERAL_NULL_CONVERSION = YES;
				CLANG_WARN_OBJC_IMPLICIT_RETAIN_SELF = YES;
				CLANG_WARN_OBJC_LITERAL_CONVERSION = YES;
				CLANG_WARN_OBJC_ROOT_CLASS = YES_ERROR;
				CLANG_WARN_QUOTED_INCLUDE_IN_FRAMEWORK_HEADER = YES;
				CLANG_WARN_RANGE_LOOP_ANALYSIS = YES;
				CLANG_WARN_STRICT_PROTOTYPES = YES;
				CLANG_WARN_SUSPICIOUS_MOVE = YES;
				CLANG_WARN_UNREACHABLE_CODE = YES;
				CLANG_WARN__DUPLICATE_METHOD_MATCH = YES;
				"CODE_SIGN_IDENTITY[sdk=iphoneos*]" = "iPhone Developer";
				COPY_PHASE_STRIP = YES;
				ENABLE_NS_ASSERTIONS = NO;
				ENABLE_STRICT_OBJC_MSGSEND = YES;
				"EXCLUDED_ARCHS[sdk=iphonesimulator*]" = "arm64 ";
				GCC_C_LANGUAGE_STANDARD = gnu99;
				GCC_NO_COMMON_BLOCKS = YES;
				GCC_WARN_64_TO_32_BIT_CONVERSION = YES;
				GCC_WARN_ABOUT_RETURN_TYPE = YES_ERROR;
				GCC_WARN_UNDECLARED_SELECTOR = YES;
				GCC_WARN_UNINITIALIZED_AUTOS = YES_AGGRESSIVE;
				GCC_WARN_UNUSED_FUNCTION = YES;
				GCC_WARN_UNUSED_VARIABLE = YES;
				IPHONEOS_DEPLOYMENT_TARGET = 10.0;
				LD_RUNPATH_SEARCH_PATHS = (
					/usr/lib/swift,
					"$(inherited)",
				);
				LIBRARY_SEARCH_PATHS = (
					"\"$(TOOLCHAIN_DIR)/usr/lib/swift/$(PLATFORM_NAME)\"",
					"\"$(TOOLCHAIN_DIR)/usr/lib/swift-5.0/$(PLATFORM_NAME)\"",
					"\"$(inherited)\"",
				);
				MTL_ENABLE_DEBUG_INFO = NO;
				SDKROOT = iphoneos;
				VALIDATE_PRODUCT = YES;
			};
			name = Release;
		};
/* End XCBuildConfiguration section */

/* Begin XCConfigurationList section */
		00E357021AD99517003FC87E /* Build configuration list for PBXNativeTarget "bazarsellerappTests" */ = {
			isa = XCConfigurationList;
			buildConfigurations = (
				00E356F61AD99517003FC87E /* Debug */,
				00E356F71AD99517003FC87E /* Release */,
			);
			defaultConfigurationIsVisible = 0;
			defaultConfigurationName = Release;
		};
		13B07F931A680F5B00A75B9A /* Build configuration list for PBXNativeTarget "bazarsellerapp" */ = {
			isa = XCConfigurationList;
			buildConfigurations = (
				13B07F941A680F5B00A75B9A /* Debug */,
				13B07F951A680F5B00A75B9A /* Release */,
			);
			defaultConfigurationIsVisible = 0;
			defaultConfigurationName = Release;
		};
		83CBB9FA1A601CBA00E9B192 /* Build configuration list for PBXProject "bazarsellerapp" */ = {
			isa = XCConfigurationList;
			buildConfigurations = (
				83CBBA201A601CBA00E9B192 /* Debug */,
				83CBBA211A601CBA00E9B192 /* Release */,
			);
			defaultConfigurationIsVisible = 0;
			defaultConfigurationName = Release;
		};
/* End XCConfigurationList section */
	};
	rootObject = 83CBB9F71A601CBA00E9B192 /* Project object */;
}
